
Microsoft Visual Studio Solution File, Format Version 12.00
# Visual Studio Version 17
VisualStudioVersion = 17.0.31912.275
MinimumVisualStudioVersion = 10.0.40219.1
Project("{FAE04EC0-301F-11D3-BF4B-00C04F79EFBC}") = "PowerShellPortal", "PowerShellPortal\PowerShellPortal.csproj", "{2B00374B-A96B-4176-8471-2CD5EF670186}"
EndProject
Global
	GlobalSection(SolutionConfigurationPlatforms) = preSolution
		Debug|Any CPU = Debug|Any CPU
		Release|Any CPU = Release|Any CPU
	EndGlobalSection
	GlobalSection(ProjectConfigurationPlatforms) = postSolution
		{2B00374B-A96B-4176-8471-2CD5EF670186}.Debug|Any CPU.ActiveCfg = Debug|Any CPU
		{2B00374B-A96B-4176-8471-2CD5EF670186}.Debug|Any CPU.Build.0 = Debug|Any CPU
		{2B00374B-A96B-4176-8471-2CD5EF670186}.Release|Any CPU.ActiveCfg = Release|Any CPU
		{2B00374B-A96B-4176-8471-2CD5EF670186}.Release|Any CPU.Build.0 = Release|Any CPU
	EndGlobalSection
	GlobalSection(SolutionProperties) = preSolution
		HideSolutionNode = FALSE
	EndGlobalSection
	GlobalSection(ExtensibilityGlobals) = postSolution
		SolutionGuid = {57F8A812-4538-42A2-B431-82B90612C322}
	EndGlobalSection
EndGlobal
